
Microsoft Visual Studio Solution File, Format Version 12.00
# Visual Studio Version 16
VisualStudioVersion = 16.0.30717.126
MinimumVisualStudioVersion = 10.0.40219.1
Project("{9A19103F-16F7-4668-BE54-9A1E7A4F7556}") = "CommonLib", "CommonLib\CommonLib.csproj", "{2AC79084-DEF9-4164-8ACE-BCB735047D96}"
EndProject
Project("{2150E333-8FDC-42A3-9474-1A3956D46DE8}") = "WPF", "WPF", "{BD9443E1-7773-4523-B8E3-25EFC5FD82C6}"
EndProject
Project("{2150E333-8FDC-42A3-9474-1A3956D46DE8}") = "WpfFX", "WpfFX", "{6961BF33-1BB7-4D86-B2CF-958C61044B0D}"
EndProject
Project("{2150E333-8FDC-42A3-9474-1A3956D46DE8}") = "Wpf", "Wpf", "{58BF7F58-AE1E-4FF4-BDCE-703681A483E7}"
EndProject
Project("{2150E333-8FDC-42A3-9474-1A3956D46DE8}") = "UWP", "UWP", "{53C74ECF-57BB-4830-89BE-8736E4CD7E33}"
EndProject
Project("{2150E333-8FDC-42A3-9474-1A3956D46DE8}") = "WinUI", "WinUI", "{108C010A-2B2A-4E77-885D-D05120B34363}"
EndProject
Project("{2150E333-8FDC-42A3-9474-1A3956D46DE8}") = "AvaloniaUI", "AvaloniaUI", "{9CF0AFDA-27D1-49D7-92BF-C898DCCE9ABD}"
EndProject
Project("{FAE04EC0-301F-11D3-BF4B-00C04F79EFBC}") = "MvvmChartWpfFX", "WPF\WpfFX\MvvmChartWpfFX\MvvmChartWpfFX.csproj", "{28C40709-2E83-4A1F-BE8A-EBA5AB886012}"
EndProject
Project("{FAE04EC0-301F-11D3-BF4B-00C04F79EFBC}") = "DemoWpfFX", "WPF\WpfFX\Demo\DemoWpfFX.csproj", "{02960B4D-ACC3-4B6D-93D6-E578F33655E0}"
EndProject
Project("{9A19103F-16F7-4668-BE54-9A1E7A4F7556}") = "MvvmChartWpf", "WPF\Wpf\MvvmChartWpf\MvvmChartWpf.csproj", "{E9B9FA70-06E3-400F-8B4D-7AE48097A8E0}"
EndProject
Project("{9A19103F-16F7-4668-BE54-9A1E7A4F7556}") = "DemoWpf", "WPF\Wpf\DemoWpf\DemoWpf.csproj", "{C80E3C59-6670-42DF-AA50-23F14E698845}"
EndProject
Project("{FAE04EC0-301F-11D3-BF4B-00C04F79EFBC}") = "DemoUWP", "UWP\DemoUWP\DemoUWP.csproj", "{EAB0E6C1-55A8-49EF-AA8B-7E96AF447121}"
EndProject
Project("{FAE04EC0-301F-11D3-BF4B-00C04F79EFBC}") = "MvvmChartUWP", "UWP\MvvmChartUWP\MvvmChartUWP.csproj", "{17969DD3-F047-4BBC-8BE7-3C2F0292A60C}"
EndProject
Project("{2150E333-8FDC-42A3-9474-1A3956D46DE8}") = "Common", "Common", "{693761B2-9C69-49AA-A49F-9B884D36B29C}"
EndProject
Project("{FAE04EC0-301F-11D3-BF4B-00C04F79EFBC}") = "DemoViewModel", "DemoViewModel\DemoViewModel.csproj", "{B5633CD3-CB1D-45FA-A219-84C540E8E46C}"
EndProject
Global
	GlobalSection(SolutionConfigurationPlatforms) = preSolution
		Debug|Any CPU = Debug|Any CPU
		Debug|ARM = Debug|ARM
		Debug|ARM64 = Debug|ARM64
		Debug|x64 = Debug|x64
		Debug|x86 = Debug|x86
		Release|Any CPU = Release|Any CPU
		Release|ARM = Release|ARM
		Release|ARM64 = Release|ARM64
		Release|x64 = Release|x64
		Release|x86 = Release|x86
	EndGlobalSection
	GlobalSection(ProjectConfigurationPlatforms) = postSolution
		{2AC79084-DEF9-4164-8ACE-BCB735047D96}.Debug|Any CPU.ActiveCfg = Debug|Any CPU
		{2AC79084-DEF9-4164-8ACE-BCB735047D96}.Debug|Any CPU.Build.0 = Debug|Any CPU
		{2AC79084-DEF9-4164-8ACE-BCB735047D96}.Debug|ARM.ActiveCfg = Debug|Any CPU
		{2AC79084-DEF9-4164-8ACE-BCB735047D96}.Debug|ARM.Build.0 = Debug|Any CPU
		{2AC79084-DEF9-4164-8ACE-BCB735047D96}.Debug|ARM64.ActiveCfg = Debug|Any CPU
		{2AC79084-DEF9-4164-8ACE-BCB735047D96}.Debug|ARM64.Build.0 = Debug|Any CPU
		{2AC79084-DEF9-4164-8ACE-BCB735047D96}.Debug|x64.ActiveCfg = Debug|Any CPU
		{2AC79084-DEF9-4164-8ACE-BCB735047D96}.Debug|x64.Build.0 = Debug|Any CPU
		{2AC79084-DEF9-4164-8ACE-BCB735047D96}.Debug|x86.ActiveCfg = Debug|Any CPU
		{2AC79084-DEF9-4164-8ACE-BCB735047D96}.Debug|x86.Build.0 = Debug|Any CPU
		{2AC79084-DEF9-4164-8ACE-BCB735047D96}.Release|Any CPU.ActiveCfg = Release|Any CPU
		{2AC79084-DEF9-4164-8ACE-BCB735047D96}.Release|Any CPU.Build.0 = Release|Any CPU
		{2AC79084-DEF9-4164-8ACE-BCB735047D96}.Release|ARM.ActiveCfg = Release|Any CPU
		{2AC79084-DEF9-4164-8ACE-BCB735047D96}.Release|ARM.Build.0 = Release|Any CPU
		{2AC79084-DEF9-4164-8ACE-BCB735047D96}.Release|ARM64.ActiveCfg = Release|Any CPU
		{2AC79084-DEF9-4164-8ACE-BCB735047D96}.Release|ARM64.Build.0 = Release|Any CPU
		{2AC79084-DEF9-4164-8ACE-BCB735047D96}.Release|x64.ActiveCfg = Release|Any CPU
		{2AC79084-DEF9-4164-8ACE-BCB735047D96}.Release|x64.Build.0 = Release|Any CPU
		{2AC79084-DEF9-4164-8ACE-BCB735047D96}.Release|x86.ActiveCfg = Release|Any CPU
		{2AC79084-DEF9-4164-8ACE-BCB735047D96}.Release|x86.Build.0 = Release|Any CPU
		{28C40709-2E83-4A1F-BE8A-EBA5AB886012}.Debug|Any CPU.ActiveCfg = Debug|Any CPU
		{28C40709-2E83-4A1F-BE8A-EBA5AB886012}.Debug|Any CPU.Build.0 = Debug|Any CPU
		{28C40709-2E83-4A1F-BE8A-EBA5AB886012}.Debug|ARM.ActiveCfg = Debug|Any CPU
		{28C40709-2E83-4A1F-BE8A-EBA5AB886012}.Debug|ARM.Build.0 = Debug|Any CPU
		{28C40709-2E83-4A1F-BE8A-EBA5AB886012}.Debug|ARM64.ActiveCfg = Debug|Any CPU
		{28C40709-2E83-4A1F-BE8A-EBA5AB886012}.Debug|ARM64.Build.0 = Debug|Any CPU
		{28C40709-2E83-4A1F-BE8A-EBA5AB886012}.Debug|x64.ActiveCfg = Debug|Any CPU
		{28C40709-2E83-4A1F-BE8A-EBA5AB886012}.Debug|x64.Build.0 = Debug|Any CPU
		{28C40709-2E83-4A1F-BE8A-EBA5AB886012}.Debug|x86.ActiveCfg = Debug|x86
		{28C40709-2E83-4A1F-BE8A-EBA5AB886012}.Debug|x86.Build.0 = Debug|x86
		{28C40709-2E83-4A1F-BE8A-EBA5AB886012}.Release|Any CPU.ActiveCfg = Release|Any CPU
		{28C40709-2E83-4A1F-BE8A-EBA5AB886012}.Release|Any CPU.Build.0 = Release|Any CPU
		{28C40709-2E83-4A1F-BE8A-EBA5AB886012}.Release|ARM.ActiveCfg = Release|Any CPU
		{28C40709-2E83-4A1F-BE8A-EBA5AB886012}.Release|ARM.Build.0 = Release|Any CPU
		{28C40709-2E83-4A1F-BE8A-EBA5AB886012}.Release|ARM64.ActiveCfg = Release|Any CPU
		{28C40709-2E83-4A1F-BE8A-EBA5AB886012}.Release|ARM64.Build.0 = Release|Any CPU
		{28C40709-2E83-4A1F-BE8A-EBA5AB886012}.Release|x64.ActiveCfg = Release|Any CPU
		{28C40709-2E83-4A1F-BE8A-EBA5AB886012}.Release|x64.Build.0 = Release|Any CPU
		{28C40709-2E83-4A1F-BE8A-EBA5AB886012}.Release|x86.ActiveCfg = Release|x86
		{28C40709-2E83-4A1F-BE8A-EBA5AB886012}.Release|x86.Build.0 = Release|x86
		{02960B4D-ACC3-4B6D-93D6-E578F33655E0}.Debug|Any CPU.ActiveCfg = Debug|Any CPU
		{02960B4D-ACC3-4B6D-93D6-E578F33655E0}.Debug|Any CPU.Build.0 = Debug|Any CPU
		{02960B4D-ACC3-4B6D-93D6-E578F33655E0}.Debug|ARM.ActiveCfg = Debug|Any CPU
		{02960B4D-ACC3-4B6D-93D6-E578F33655E0}.Debug|ARM.Build.0 = Debug|Any CPU
		{02960B4D-ACC3-4B6D-93D6-E578F33655E0}.Debug|ARM64.ActiveCfg = Debug|Any CPU
		{02960B4D-ACC3-4B6D-93D6-E578F33655E0}.Debug|ARM64.Build.0 = Debug|Any CPU
		{02960B4D-ACC3-4B6D-93D6-E578F33655E0}.Debug|x64.ActiveCfg = Debug|Any CPU
		{02960B4D-ACC3-4B6D-93D6-E578F33655E0}.Debug|x64.Build.0 = Debug|Any CPU
		{02960B4D-ACC3-4B6D-93D6-E578F33655E0}.Debug|x86.ActiveCfg = Debug|Any CPU
		{02960B4D-ACC3-4B6D-93D6-E578F33655E0}.Debug|x86.Build.0 = Debug|Any CPU
		{02960B4D-ACC3-4B6D-93D6-E578F33655E0}.Release|Any CPU.ActiveCfg = Release|Any CPU
		{02960B4D-ACC3-4B6D-93D6-E578F33655E0}.Release|Any CPU.Build.0 = Release|Any CPU
		{02960B4D-ACC3-4B6D-93D6-E578F33655E0}.Release|ARM.ActiveCfg = Release|Any CPU
		{02960B4D-ACC3-4B6D-93D6-E578F33655E0}.Release|ARM.Build.0 = Release|Any CPU
		{02960B4D-ACC3-4B6D-93D6-E578F33655E0}.Release|ARM64.ActiveCfg = Release|Any CPU
		{02960B4D-ACC3-4B6D-93D6-E578F33655E0}.Release|ARM64.Build.0 = Release|Any CPU
		{02960B4D-ACC3-4B6D-93D6-E578F33655E0}.Release|x64.ActiveCfg = Release|Any CPU
		{02960B4D-ACC3-4B6D-93D6-E578F33655E0}.Release|x64.Build.0 = Release|Any CPU
		{02960B4D-ACC3-4B6D-93D6-E578F33655E0}.Release|x86.ActiveCfg = Release|Any CPU
		{02960B4D-ACC3-4B6D-93D6-E578F33655E0}.Release|x86.Build.0 = Release|Any CPU
		{E9B9FA70-06E3-400F-8B4D-7AE48097A8E0}.Debug|Any CPU.ActiveCfg = Debug|Any CPU
		{E9B9FA70-06E3-400F-8B4D-7AE48097A8E0}.Debug|Any CPU.Build.0 = Debug|Any CPU
		{E9B9FA70-06E3-400F-8B4D-7AE48097A8E0}.Debug|ARM.ActiveCfg = Debug|Any CPU
		{E9B9FA70-06E3-400F-8B4D-7AE48097A8E0}.Debug|ARM.Build.0 = Debug|Any CPU
		{E9B9FA70-06E3-400F-8B4D-7AE48097A8E0}.Debug|ARM64.ActiveCfg = Debug|Any CPU
		{E9B9FA70-06E3-400F-8B4D-7AE48097A8E0}.Debug|ARM64.Build.0 = Debug|Any CPU
		{E9B9FA70-06E3-400F-8B4D-7AE48097A8E0}.Debug|x64.ActiveCfg = Debug|Any CPU
		{E9B9FA70-06E3-400F-8B4D-7AE48097A8E0}.Debug|x64.Build.0 = Debug|Any CPU
		{E9B9FA70-06E3-400F-8B4D-7AE48097A8E0}.Debug|x86.ActiveCfg = Debug|Any CPU
		{E9B9FA70-06E3-400F-8B4D-7AE48097A8E0}.Debug|x86.Build.0 = Debug|Any CPU
		{E9B9FA70-06E3-400F-8B4D-7AE48097A8E0}.Release|Any CPU.ActiveCfg = Release|Any CPU
		{E9B9FA70-06E3-400F-8B4D-7AE48097A8E0}.Release|Any CPU.Build.0 = Release|Any CPU
		{E9B9FA70-06E3-400F-8B4D-7AE48097A8E0}.Release|ARM.ActiveCfg = Release|Any CPU
		{E9B9FA70-06E3-400F-8B4D-7AE48097A8E0}.Release|ARM.Build.0 = Release|Any CPU
		{E9B9FA70-06E3-400F-8B4D-7AE48097A8E0}.Release|ARM64.ActiveCfg = Release|Any CPU
		{E9B9FA70-06E3-400F-8B4D-7AE48097A8E0}.Release|ARM64.Build.0 = Release|Any CPU
		{E9B9FA70-06E3-400F-8B4D-7AE48097A8E0}.Release|x64.ActiveCfg = Release|Any CPU
		{E9B9FA70-06E3-400F-8B4D-7AE48097A8E0}.Release|x64.Build.0 = Release|Any CPU
		{E9B9FA70-06E3-400F-8B4D-7AE48097A8E0}.Release|x86.ActiveCfg = Release|Any CPU
		{E9B9FA70-06E3-400F-8B4D-7AE48097A8E0}.Release|x86.Build.0 = Release|Any CPU
		{C80E3C59-6670-42DF-AA50-23F14E698845}.Debug|Any CPU.ActiveCfg = Debug|Any CPU
		{C80E3C59-6670-42DF-AA50-23F14E698845}.Debug|Any CPU.Build.0 = Debug|Any CPU
		{C80E3C59-6670-42DF-AA50-23F14E698845}.Debug|ARM.ActiveCfg = Debug|Any CPU
		{C80E3C59-6670-42DF-AA50-23F14E698845}.Debug|ARM.Build.0 = Debug|Any CPU
		{C80E3C59-6670-42DF-AA50-23F14E698845}.Debug|ARM64.ActiveCfg = Debug|Any CPU
		{C80E3C59-6670-42DF-AA50-23F14E698845}.Debug|ARM64.Build.0 = Debug|Any CPU
		{C80E3C59-6670-42DF-AA50-23F14E698845}.Debug|x64.ActiveCfg = Debug|Any CPU
		{C80E3C59-6670-42DF-AA50-23F14E698845}.Debug|x64.Build.0 = Debug|Any CPU
		{C80E3C59-6670-42DF-AA50-23F14E698845}.Debug|x86.ActiveCfg = Debug|Any CPU
		{C80E3C59-6670-42DF-AA50-23F14E698845}.Debug|x86.Build.0 = Debug|Any CPU
		{C80E3C59-6670-42DF-AA50-23F14E698845}.Release|Any CPU.ActiveCfg = Release|Any CPU
		{C80E3C59-6670-42DF-AA50-23F14E698845}.Release|Any CPU.Build.0 = Release|Any CPU
		{C80E3C59-6670-42DF-AA50-23F14E698845}.Release|ARM.ActiveCfg = Release|Any CPU
		{C80E3C59-6670-42DF-AA50-23F14E698845}.Release|ARM.Build.0 = Release|Any CPU
		{C80E3C59-6670-42DF-AA50-23F14E698845}.Release|ARM64.ActiveCfg = Release|Any CPU
		{C80E3C59-6670-42DF-AA50-23F14E698845}.Release|ARM64.Build.0 = Release|Any CPU
		{C80E3C59-6670-42DF-AA50-23F14E698845}.Release|x64.ActiveCfg = Release|Any CPU
		{C80E3C59-6670-42DF-AA50-23F14E698845}.Release|x64.Build.0 = Release|Any CPU
		{C80E3C59-6670-42DF-AA50-23F14E698845}.Release|x86.ActiveCfg = Release|Any CPU
		{C80E3C59-6670-42DF-AA50-23F14E698845}.Release|x86.Build.0 = Release|Any CPU
		{EAB0E6C1-55A8-49EF-AA8B-7E96AF447121}.Debug|Any CPU.ActiveCfg = Debug|x86
		{EAB0E6C1-55A8-49EF-AA8B-7E96AF447121}.Debug|ARM.ActiveCfg = Debug|ARM
		{EAB0E6C1-55A8-49EF-AA8B-7E96AF447121}.Debug|ARM.Build.0 = Debug|ARM
		{EAB0E6C1-55A8-49EF-AA8B-7E96AF447121}.Debug|ARM.Deploy.0 = Debug|ARM
		{EAB0E6C1-55A8-49EF-AA8B-7E96AF447121}.Debug|ARM64.ActiveCfg = Debug|ARM64
		{EAB0E6C1-55A8-49EF-AA8B-7E96AF447121}.Debug|ARM64.Build.0 = Debug|ARM64
		{EAB0E6C1-55A8-49EF-AA8B-7E96AF447121}.Debug|ARM64.Deploy.0 = Debug|ARM64
		{EAB0E6C1-55A8-49EF-AA8B-7E96AF447121}.Debug|x64.ActiveCfg = Debug|x64
		{EAB0E6C1-55A8-49EF-AA8B-7E96AF447121}.Debug|x64.Build.0 = Debug|x64
		{EAB0E6C1-55A8-49EF-AA8B-7E96AF447121}.Debug|x64.Deploy.0 = Debug|x64
		{EAB0E6C1-55A8-49EF-AA8B-7E96AF447121}.Debug|x86.ActiveCfg = Debug|x86
		{EAB0E6C1-55A8-49EF-AA8B-7E96AF447121}.Debug|x86.Build.0 = Debug|x86
		{EAB0E6C1-55A8-49EF-AA8B-7E96AF447121}.Debug|x86.Deploy.0 = Debug|x86
		{EAB0E6C1-55A8-49EF-AA8B-7E96AF447121}.Release|Any CPU.ActiveCfg = Release|x86
		{EAB0E6C1-55A8-49EF-AA8B-7E96AF447121}.Release|ARM.ActiveCfg = Release|ARM
		{EAB0E6C1-55A8-49EF-AA8B-7E96AF447121}.Release|ARM.Build.0 = Release|ARM
		{EAB0E6C1-55A8-49EF-AA8B-7E96AF447121}.Release|ARM.Deploy.0 = Release|ARM
		{EAB0E6C1-55A8-49EF-AA8B-7E96AF447121}.Release|ARM64.ActiveCfg = Release|ARM64
		{EAB0E6C1-55A8-49EF-AA8B-7E96AF447121}.Release|ARM64.Build.0 = Release|ARM64
		{EAB0E6C1-55A8-49EF-AA8B-7E96AF447121}.Release|ARM64.Deploy.0 = Release|ARM64
		{EAB0E6C1-55A8-49EF-AA8B-7E96AF447121}.Release|x64.ActiveCfg = Release|x64
		{EAB0E6C1-55A8-49EF-AA8B-7E96AF447121}.Release|x64.Build.0 = Release|x64
		{EAB0E6C1-55A8-49EF-AA8B-7E96AF447121}.Release|x64.Deploy.0 = Release|x64
		{EAB0E6C1-55A8-49EF-AA8B-7E96AF447121}.Release|x86.ActiveCfg = Release|x86
		{EAB0E6C1-55A8-49EF-AA8B-7E96AF447121}.Release|x86.Build.0 = Release|x86
		{EAB0E6C1-55A8-49EF-AA8B-7E96AF447121}.Release|x86.Deploy.0 = Release|x86
		{17969DD3-F047-4BBC-8BE7-3C2F0292A60C}.Debug|Any CPU.ActiveCfg = Debug|Any CPU
		{17969DD3-F047-4BBC-8BE7-3C2F0292A60C}.Debug|Any CPU.Build.0 = Debug|Any CPU
		{17969DD3-F047-4BBC-8BE7-3C2F0292A60C}.Debug|ARM.ActiveCfg = Debug|ARM
		{17969DD3-F047-4BBC-8BE7-3C2F0292A60C}.Debug|ARM.Build.0 = Debug|ARM
		{17969DD3-F047-4BBC-8BE7-3C2F0292A60C}.Debug|ARM64.ActiveCfg = Debug|ARM64
		{17969DD3-F047-4BBC-8BE7-3C2F0292A60C}.Debug|ARM64.Build.0 = Debug|ARM64
		{17969DD3-F047-4BBC-8BE7-3C2F0292A60C}.Debug|x64.ActiveCfg = Debug|x64
		{17969DD3-F047-4BBC-8BE7-3C2F0292A60C}.Debug|x64.Build.0 = Debug|x64
		{17969DD3-F047-4BBC-8BE7-3C2F0292A60C}.Debug|x86.ActiveCfg = Debug|x86
		{17969DD3-F047-4BBC-8BE7-3C2F0292A60C}.Debug|x86.Build.0 = Debug|x86
		{17969DD3-F047-4BBC-8BE7-3C2F0292A60C}.Release|Any CPU.ActiveCfg = Release|Any CPU
		{17969DD3-F047-4BBC-8BE7-3C2F0292A60C}.Release|Any CPU.Build.0 = Release|Any CPU
		{17969DD3-F047-4BBC-8BE7-3C2F0292A60C}.Release|ARM.ActiveCfg = Release|ARM
		{17969DD3-F047-4BBC-8BE7-3C2F0292A60C}.Release|ARM.Build.0 = Release|ARM
		{17969DD3-F047-4BBC-8BE7-3C2F0292A60C}.Release|ARM64.ActiveCfg = Release|ARM64
		{17969DD3-F047-4BBC-8BE7-3C2F0292A60C}.Release|ARM64.Build.0 = Release|ARM64
		{17969DD3-F047-4BBC-8BE7-3C2F0292A60C}.Release|x64.ActiveCfg = Release|x64
		{17969DD3-F047-4BBC-8BE7-3C2F0292A60C}.Release|x64.Build.0 = Release|x64
		{17969DD3-F047-4BBC-8BE7-3C2F0292A60C}.Release|x86.ActiveCfg = Release|x86
		{17969DD3-F047-4BBC-8BE7-3C2F0292A60C}.Release|x86.Build.0 = Release|x86
		{B5633CD3-CB1D-45FA-A219-84C540E8E46C}.Debug|Any CPU.ActiveCfg = Debug|Any CPU
		{B5633CD3-CB1D-45FA-A219-84C540E8E46C}.Debug|Any CPU.Build.0 = Debug|Any CPU
		{B5633CD3-CB1D-45FA-A219-84C540E8E46C}.Debug|ARM.ActiveCfg = Debug|Any CPU
		{B5633CD3-CB1D-45FA-A219-84C540E8E46C}.Debug|ARM.Build.0 = Debug|Any CPU
		{B5633CD3-CB1D-45FA-A219-84C540E8E46C}.Debug|ARM64.ActiveCfg = Debug|Any CPU
		{B5633CD3-CB1D-45FA-A219-84C540E8E46C}.Debug|ARM64.Build.0 = Debug|Any CPU
		{B5633CD3-CB1D-45FA-A219-84C540E8E46C}.Debug|x64.ActiveCfg = Debug|Any CPU
		{B5633CD3-CB1D-45FA-A219-84C540E8E46C}.Debug|x64.Build.0 = Debug|Any CPU
		{B5633CD3-CB1D-45FA-A219-84C540E8E46C}.Debug|x86.ActiveCfg = Debug|Any CPU
		{B5633CD3-CB1D-45FA-A219-84C540E8E46C}.Debug|x86.Build.0 = Debug|Any CPU
		{B5633CD3-CB1D-45FA-A219-84C540E8E46C}.Release|Any CPU.ActiveCfg = Release|Any CPU
		{B5633CD3-CB1D-45FA-A219-84C540E8E46C}.Release|Any CPU.Build.0 = Release|Any CPU
		{B5633CD3-CB1D-45FA-A219-84C540E8E46C}.Release|ARM.ActiveCfg = Release|Any CPU
		{B5633CD3-CB1D-45FA-A219-84C540E8E46C}.Release|ARM.Build.0 = Release|Any CPU
		{B5633CD3-CB1D-45FA-A219-84C540E8E46C}.Release|ARM64.ActiveCfg = Release|Any CPU
		{B5633CD3-CB1D-45FA-A219-84C540E8E46C}.Release|ARM64.Build.0 = Release|Any CPU
		{B5633CD3-CB1D-45FA-A219-84C540E8E46C}.Release|x64.ActiveCfg = Release|Any CPU
		{B5633CD3-CB1D-45FA-A219-84C540E8E46C}.Release|x64.Build.0 = Release|Any CPU
		{B5633CD3-CB1D-45FA-A219-84C540E8E46C}.Release|x86.ActiveCfg = Release|Any CPU
		{B5633CD3-CB1D-45FA-A219-84C540E8E46C}.Release|x86.Build.0 = Release|Any CPU
	EndGlobalSection
	GlobalSection(SolutionProperties) = preSolution
		HideSolutionNode = FALSE
	EndGlobalSection
	GlobalSection(NestedProjects) = preSolution
		{2AC79084-DEF9-4164-8ACE-BCB735047D96} = {693761B2-9C69-49AA-A49F-9B884D36B29C}
		{6961BF33-1BB7-4D86-B2CF-958C61044B0D} = {BD9443E1-7773-4523-B8E3-25EFC5FD82C6}
		{58BF7F58-AE1E-4FF4-BDCE-703681A483E7} = {BD9443E1-7773-4523-B8E3-25EFC5FD82C6}
		{28C40709-2E83-4A1F-BE8A-EBA5AB886012} = {6961BF33-1BB7-4D86-B2CF-958C61044B0D}
		{E9B9FA70-06E3-400F-8B4D-7AE48097A8E0} = {58BF7F58-AE1E-4FF4-BDCE-703681A483E7}
		{17969DD3-F047-4BBC-8BE7-3C2F0292A60C} = {53C74ECF-57BB-4830-89BE-8736E4CD7E33}
	EndGlobalSection
	GlobalSection(ExtensibilityGlobals) = postSolution
		SolutionGuid = {2611E5B2-6585-4659-B7DA-14694737A00C}
	EndGlobalSection
EndGlobal
