
Microsoft Visual Studio Solution File, Format Version 12.00
# Visual Studio Version 16
VisualStudioVersion = 16.0.30717.126
MinimumVisualStudioVersion = 10.0.40219.1
Project("{9A19103F-16F7-4668-BE54-9A1E7A4F7556}") = "CommonLib", "CommonLib\CommonLib.csproj", "{2AC79084-DEF9-4164-8ACE-BCB735047D96}"
EndProject
Project("{2150E333-8FDC-42A3-9474-1A3956D46DE8}") = "WPF", "WPF", "{BD9443E1-7773-4523-B8E3-25EFC5FD82C6}"
EndProject
Project("{2150E333-8FDC-42A3-9474-1A3956D46DE8}") = "WpfFX", "WpfFX", "{6961BF33-1BB7-4D86-B2CF-958C61044B0D}"
EndProject
Project("{2150E333-8FDC-42A3-9474-1A3956D46DE8}") = "Wpf", "Wpf", "{58BF7F58-AE1E-4FF4-BDCE-703681A483E7}"
EndProject
Project("{2150E333-8FDC-42A3-9474-1A3956D46DE8}") = "UWP", "UWP", "{53C74ECF-57BB-4830-89BE-8736E4CD7E33}"
EndProject
Project("{2150E333-8FDC-42A3-9474-1A3956D46DE8}") = "WinUI", "WinUI", "{108C010A-2B2A-4E77-885D-D05120B34363}"
EndProject
Project("{2150E333-8FDC-42A3-9474-1A3956D46DE8}") = "AvaloniaUI", "AvaloniaUI", "{9CF0AFDA-27D1-49D7-92BF-C898DCCE9ABD}"
EndProject
Project("{FAE04EC0-301F-11D3-BF4B-00C04F79EFBC}") = "MvvmChartWpfFX", "WPF\WpfFX\MvvmChartWpfFX\MvvmChartWpfFX.csproj", "{28C40709-2E83-4A1F-BE8A-EBA5AB886012}"
EndProject
Project("{FAE04EC0-301F-11D3-BF4B-00C04F79EFBC}") = "DemoWpfFX", "WPF\WpfFX\Demo\DemoWpfFX.csproj", "{02960B4D-ACC3-4B6D-93D6-E578F33655E0}"
EndProject
Project("{FAE04EC0-301F-11D3-BF4B-00C04F79EFBC}") = "MvvmChartWpf", "WPF\Wpf\MvvmChartWpf\MvvmChartWpf.csproj", "{E9B9FA70-06E3-400F-8B4D-7AE48097A8E0}"
EndProject
Global
	GlobalSection(SolutionConfigurationPlatforms) = preSolution
		Debug|Any CPU = Debug|Any CPU
		Debug|x86 = Debug|x86
		Release|Any CPU = Release|Any CPU
		Release|x86 = Release|x86
	EndGlobalSection
	GlobalSection(ProjectConfigurationPlatforms) = postSolution
		{2AC79084-DEF9-4164-8ACE-BCB735047D96}.Debug|Any CPU.ActiveCfg = Debug|Any CPU
		{2AC79084-DEF9-4164-8ACE-BCB735047D96}.Debug|Any CPU.Build.0 = Debug|Any CPU
		{2AC79084-DEF9-4164-8ACE-BCB735047D96}.Debug|x86.ActiveCfg = Debug|Any CPU
		{2AC79084-DEF9-4164-8ACE-BCB735047D96}.Debug|x86.Build.0 = Debug|Any CPU
		{2AC79084-DEF9-4164-8ACE-BCB735047D96}.Release|Any CPU.ActiveCfg = Release|Any CPU
		{2AC79084-DEF9-4164-8ACE-BCB735047D96}.Release|Any CPU.Build.0 = Release|Any CPU
		{2AC79084-DEF9-4164-8ACE-BCB735047D96}.Release|x86.ActiveCfg = Release|Any CPU
		{2AC79084-DEF9-4164-8ACE-BCB735047D96}.Release|x86.Build.0 = Release|Any CPU
		{28C40709-2E83-4A1F-BE8A-EBA5AB886012}.Debug|Any CPU.ActiveCfg = Debug|Any CPU
		{28C40709-2E83-4A1F-BE8A-EBA5AB886012}.Debug|Any CPU.Build.0 = Debug|Any CPU
		{28C40709-2E83-4A1F-BE8A-EBA5AB886012}.Debug|x86.ActiveCfg = Debug|x86
		{28C40709-2E83-4A1F-BE8A-EBA5AB886012}.Debug|x86.Build.0 = Debug|x86
		{28C40709-2E83-4A1F-BE8A-EBA5AB886012}.Release|Any CPU.ActiveCfg = Release|Any CPU
		{28C40709-2E83-4A1F-BE8A-EBA5AB886012}.Release|Any CPU.Build.0 = Release|Any CPU
		{28C40709-2E83-4A1F-BE8A-EBA5AB886012}.Release|x86.ActiveCfg = Release|x86
		{28C40709-2E83-4A1F-BE8A-EBA5AB886012}.Release|x86.Build.0 = Release|x86
		{02960B4D-ACC3-4B6D-93D6-E578F33655E0}.Debug|Any CPU.ActiveCfg = Debug|Any CPU
		{02960B4D-ACC3-4B6D-93D6-E578F33655E0}.Debug|Any CPU.Build.0 = Debug|Any CPU
		{02960B4D-ACC3-4B6D-93D6-E578F33655E0}.Debug|x86.ActiveCfg = Debug|Any CPU
		{02960B4D-ACC3-4B6D-93D6-E578F33655E0}.Debug|x86.Build.0 = Debug|Any CPU
		{02960B4D-ACC3-4B6D-93D6-E578F33655E0}.Release|Any CPU.ActiveCfg = Release|Any CPU
		{02960B4D-ACC3-4B6D-93D6-E578F33655E0}.Release|Any CPU.Build.0 = Release|Any CPU
		{02960B4D-ACC3-4B6D-93D6-E578F33655E0}.Release|x86.ActiveCfg = Release|Any CPU
		{02960B4D-ACC3-4B6D-93D6-E578F33655E0}.Release|x86.Build.0 = Release|Any CPU
		{E9B9FA70-06E3-400F-8B4D-7AE48097A8E0}.Debug|Any CPU.ActiveCfg = Debug|Any CPU
		{E9B9FA70-06E3-400F-8B4D-7AE48097A8E0}.Debug|Any CPU.Build.0 = Debug|Any CPU
		{E9B9FA70-06E3-400F-8B4D-7AE48097A8E0}.Debug|x86.ActiveCfg = Debug|Any CPU
		{E9B9FA70-06E3-400F-8B4D-7AE48097A8E0}.Debug|x86.Build.0 = Debug|Any CPU
		{E9B9FA70-06E3-400F-8B4D-7AE48097A8E0}.Release|Any CPU.ActiveCfg = Release|Any CPU
		{E9B9FA70-06E3-400F-8B4D-7AE48097A8E0}.Release|Any CPU.Build.0 = Release|Any CPU
		{E9B9FA70-06E3-400F-8B4D-7AE48097A8E0}.Release|x86.ActiveCfg = Release|Any CPU
		{E9B9FA70-06E3-400F-8B4D-7AE48097A8E0}.Release|x86.Build.0 = Release|Any CPU
	EndGlobalSection
	GlobalSection(SolutionProperties) = preSolution
		HideSolutionNode = FALSE
	EndGlobalSection
	GlobalSection(NestedProjects) = preSolution
		{6961BF33-1BB7-4D86-B2CF-958C61044B0D} = {BD9443E1-7773-4523-B8E3-25EFC5FD82C6}
		{58BF7F58-AE1E-4FF4-BDCE-703681A483E7} = {BD9443E1-7773-4523-B8E3-25EFC5FD82C6}
		{28C40709-2E83-4A1F-BE8A-EBA5AB886012} = {6961BF33-1BB7-4D86-B2CF-958C61044B0D}
		{02960B4D-ACC3-4B6D-93D6-E578F33655E0} = {6961BF33-1BB7-4D86-B2CF-958C61044B0D}
		{E9B9FA70-06E3-400F-8B4D-7AE48097A8E0} = {58BF7F58-AE1E-4FF4-BDCE-703681A483E7}
	EndGlobalSection
	GlobalSection(ExtensibilityGlobals) = postSolution
		SolutionGuid = {2611E5B2-6585-4659-B7DA-14694737A00C}
	EndGlobalSection
EndGlobal
